// !$*UTF8*$!
{
	archiveVersion = 1;
	classes = {
	};
	objectVersion = 46;
	objects = {

/* Begin PBXBuildFile section */
		685B9F39172F202F00B7F5CE /* OpenGL.framework in Frameworks */ = {isa = PBXBuildFile; fileRef = 685B9F38172F202F00B7F5CE /* OpenGL.framework */; };
		685B9F3B172F203E00B7F5CE /* GLUT.framework in Frameworks */ = {isa = PBXBuildFile; fileRef = 685B9F3A172F203E00B7F5CE /* GLUT.framework */; };
		68B756C51898A80D007E1005 /* main.c in Sources */ = {isa = PBXBuildFile; fileRef = 68B756B41898A80D007E1005 /* main.c */; };
/* End PBXBuildFile section */

/* Begin PBXCopyFilesBuildPhase section */
		685B9F1A172F1FFC00B7F5CE /* CopyFiles */ = {
			isa = PBXCopyFilesBuildPhase;
			buildActionMask = 2147483647;
			dstPath = /usr/share/man/man1/;
			dstSubfolderSpec = 0;
			files = (
			);
			runOnlyForDeploymentPostprocessing = 1;
		};
/* End PBXCopyFilesBuildPhase section */

/* Begin PBXFileReference section */
		685B9F1C172F1FFC00B7F5CE /* ffb-cglib */ = {isa = PBXFileReference; explicitFileType = "compiled.mach-o.executable"; includeInIndex = 0; path = "ffb-cglib"; sourceTree = BUILT_PRODUCTS_DIR; };
		685B9F38172F202F00B7F5CE /* OpenGL.framework */ = {isa = PBXFileReference; lastKnownFileType = wrapper.framework; name = OpenGL.framework; path = System/Library/Frameworks/OpenGL.framework; sourceTree = SDKROOT; };
		685B9F3A172F203E00B7F5CE /* GLUT.framework */ = {isa = PBXFileReference; lastKnownFileType = wrapper.framework; name = GLUT.framework; path = System/Library/Frameworks/GLUT.framework; sourceTree = SDKROOT; };
		68B756A31898A80D007E1005 /* asphault.bmp */ = {isa = PBXFileReference; lastKnownFileType = image.bmp; name = asphault.bmp; path = src/asphault.bmp; sourceTree = SOURCE_ROOT; };
		68B756A41898A80D007E1005 /* back.bmp */ = {isa = PBXFileReference; lastKnownFileType = image.bmp; name = back.bmp; path = src/back.bmp; sourceTree = SOURCE_ROOT; };
		68B756A51898A80D007E1005 /* billboard.h */ = {isa = PBXFileReference; fileEncoding = 4; lastKnownFileType = sourcecode.c.h; name = billboard.h; path = src/billboard.h; sourceTree = SOURCE_ROOT; };
		68B756A61898A80D007E1005 /* bottom.bmp */ = {isa = PBXFileReference; lastKnownFileType = image.bmp; name = bottom.bmp; path = src/bottom.bmp; sourceTree = SOURCE_ROOT; };
		68B756A71898A80D007E1005 /* box.bmp */ = {isa = PBXFileReference; lastKnownFileType = image.bmp; name = box.bmp; path = src/box.bmp; sourceTree = SOURCE_ROOT; };
		68B756A81898A80D007E1005 /* camera.h */ = {isa = PBXFileReference; fileEncoding = 4; lastKnownFileType = sourcecode.c.h; name = camera.h; path = src/camera.h; sourceTree = SOURCE_ROOT; };
		68B756A91898A80D007E1005 /* car.h */ = {isa = PBXFileReference; fileEncoding = 4; lastKnownFileType = sourcecode.c.h; name = car.h; path = src/car.h; sourceTree = SOURCE_ROOT; };
		68B756AA1898A80D007E1005 /* circle.h */ = {isa = PBXFileReference; fileEncoding = 4; lastKnownFileType = sourcecode.c.h; name = circle.h; path = src/circle.h; sourceTree = SOURCE_ROOT; };
		68B756AB1898A80D007E1005 /* cloud.bmp */ = {isa = PBXFileReference; lastKnownFileType = image.bmp; name = cloud.bmp; path = src/cloud.bmp; sourceTree = SOURCE_ROOT; };
		68B756AC1898A80D007E1005 /* color.h */ = {isa = PBXFileReference; fileEncoding = 4; lastKnownFileType = sourcecode.c.h; name = color.h; path = src/color.h; sourceTree = SOURCE_ROOT; };
		68B756AD1898A80D007E1005 /* ffb_cglib.h */ = {isa = PBXFileReference; fileEncoding = 4; lastKnownFileType = sourcecode.c.h; name = ffb_cglib.h; path = src/ffb_cglib.h; sourceTree = SOURCE_ROOT; };
		68B756AE1898A80D007E1005 /* front.bmp */ = {isa = PBXFileReference; lastKnownFileType = image.bmp; name = front.bmp; path = src/front.bmp; sourceTree = SOURCE_ROOT; };
		68B756AF1898A80D007E1005 /* grass.bmp */ = {isa = PBXFileReference; lastKnownFileType = image.bmp; name = grass.bmp; path = src/grass.bmp; sourceTree = SOURCE_ROOT; };
		68B756B01898A80D007E1005 /* ground.bmp */ = {isa = PBXFileReference; lastKnownFileType = image.bmp; name = ground.bmp; path = src/ground.bmp; sourceTree = SOURCE_ROOT; };
		68B756B11898A80D007E1005 /* left.bmp */ = {isa = PBXFileReference; lastKnownFileType = image.bmp; name = left.bmp; path = src/left.bmp; sourceTree = SOURCE_ROOT; };
		68B756B21898A80D007E1005 /* light.h */ = {isa = PBXFileReference; fileEncoding = 4; lastKnownFileType = sourcecode.c.h; name = light.h; path = src/light.h; sourceTree = SOURCE_ROOT; };
		68B756B31898A80D007E1005 /* line.h */ = {isa = PBXFileReference; fileEncoding = 4; lastKnownFileType = sourcecode.c.h; name = line.h; path = src/line.h; sourceTree = SOURCE_ROOT; };
		68B756B41898A80D007E1005 /* main.c */ = {isa = PBXFileReference; fileEncoding = 4; lastKnownFileType = sourcecode.c.c; name = main.c; path = src/main.c; sourceTree = SOURCE_ROOT; };
		68B756B51898A80D007E1005 /* material.h */ = {isa = PBXFileReference; fileEncoding = 4; lastKnownFileType = sourcecode.c.h; name = material.h; path = src/material.h; sourceTree = SOURCE_ROOT; };
		68B756B61898A80D007E1005 /* mesh.h */ = {isa = PBXFileReference; fileEncoding = 4; lastKnownFileType = sourcecode.c.h; name = mesh.h; path = src/mesh.h; sourceTree = SOURCE_ROOT; };
		68B756B71898A80D007E1005 /* model3d.h */ = {isa = PBXFileReference; fileEncoding = 4; lastKnownFileType = sourcecode.c.h; name = model3d.h; path = src/model3d.h; sourceTree = SOURCE_ROOT; };
		68B756B81898A80D007E1005 /* object.h */ = {isa = PBXFileReference; fileEncoding = 4; lastKnownFileType = sourcecode.c.h; name = object.h; path = src/object.h; sourceTree = SOURCE_ROOT; };
		68B756B91898A80D007E1005 /* outline.bmp */ = {isa = PBXFileReference; lastKnownFileType = image.bmp; name = outline.bmp; path = src/outline.bmp; sourceTree = SOURCE_ROOT; };
		68B756BA1898A80D007E1005 /* point.h */ = {isa = PBXFileReference; fileEncoding = 4; lastKnownFileType = sourcecode.c.h; name = point.h; path = src/point.h; sourceTree = SOURCE_ROOT; };
		68B756BB1898A80D007E1005 /* right.bmp */ = {isa = PBXFileReference; lastKnownFileType = image.bmp; name = right.bmp; path = src/right.bmp; sourceTree = SOURCE_ROOT; };
		68B756BC1898A80D007E1005 /* skybox.h */ = {isa = PBXFileReference; fileEncoding = 4; lastKnownFileType = sourcecode.c.h; name = skybox.h; path = src/skybox.h; sourceTree = SOURCE_ROOT; };
		68B756BD1898A80D007E1005 /* skybox.jpg */ = {isa = PBXFileReference; lastKnownFileType = image.jpeg; name = skybox.jpg; path = src/skybox.jpg; sourceTree = SOURCE_ROOT; };
		68B756BE1898A80D007E1005 /* src.1 */ = {isa = PBXFileReference; fileEncoding = 4; lastKnownFileType = text.man; name = src.1; path = src/src.1; sourceTree = SOURCE_ROOT; };
		68B756BF1898A80D007E1005 /* test.bmp */ = {isa = PBXFileReference; lastKnownFileType = image.bmp; name = test.bmp; path = src/test.bmp; sourceTree = SOURCE_ROOT; };
		68B756C01898A80D007E1005 /* texture.h */ = {isa = PBXFileReference; fileEncoding = 4; lastKnownFileType = sourcecode.c.h; name = texture.h; path = src/texture.h; sourceTree = SOURCE_ROOT; };
		68B756C11898A80D007E1005 /* top.bmp */ = {isa = PBXFileReference; lastKnownFileType = image.bmp; name = top.bmp; path = src/top.bmp; sourceTree = SOURCE_ROOT; };
		68B756C21898A80D007E1005 /* util.h */ = {isa = PBXFileReference; fileEncoding = 4; lastKnownFileType = sourcecode.c.h; name = util.h; path = src/util.h; sourceTree = SOURCE_ROOT; };
		68B756C31898A80D007E1005 /* vertex.h */ = {isa = PBXFileReference; fileEncoding = 4; lastKnownFileType = sourcecode.c.h; name = vertex.h; path = src/vertex.h; sourceTree = SOURCE_ROOT; };
		68B756C41898A80D007E1005 /* wall.bmp */ = {isa = PBXFileReference; lastKnownFileType = image.bmp; name = wall.bmp; path = src/wall.bmp; sourceTree = SOURCE_ROOT; };
/* End PBXFileReference section */

/* Begin PBXFrameworksBuildPhase section */
		685B9F19172F1FFC00B7F5CE /* Frameworks */ = {
			isa = PBXFrameworksBuildPhase;
			buildActionMask = 2147483647;
			files = (
				685B9F3B172F203E00B7F5CE /* GLUT.framework in Frameworks */,
				685B9F39172F202F00B7F5CE /* OpenGL.framework in Frameworks */,
			);
			runOnlyForDeploymentPostprocessing = 0;
		};
/* End PBXFrameworksBuildPhase section */

/* Begin PBXGroup section */
		685B9F11172F1FFC00B7F5CE = {
			isa = PBXGroup;
			children = (
				685B9F3A172F203E00B7F5CE /* GLUT.framework */,
				685B9F38172F202F00B7F5CE /* OpenGL.framework */,
				685B9F1F172F1FFC00B7F5CE /* src */,
				685B9F1D172F1FFC00B7F5CE /* Products */,
			);
			sourceTree = "<group>";
		};
		685B9F1D172F1FFC00B7F5CE /* Products */ = {
			isa = PBXGroup;
			children = (
				685B9F1C172F1FFC00B7F5CE /* ffb-cglib */,
			);
			name = Products;
			sourceTree = "<group>";
		};
		685B9F1F172F1FFC00B7F5CE /* src */ = {
			isa = PBXGroup;
			children = (
				68B756BE1898A80D007E1005 /* src.1 */,
				68B756A31898A80D007E1005 /* asphault.bmp */,
				68B756A41898A80D007E1005 /* back.bmp */,
				68B756A61898A80D007E1005 /* bottom.bmp */,
				68B756A71898A80D007E1005 /* box.bmp */,
				68B756AB1898A80D007E1005 /* cloud.bmp */,
				68B756AE1898A80D007E1005 /* front.bmp */,
				68B756AF1898A80D007E1005 /* grass.bmp */,
				68B756B01898A80D007E1005 /* ground.bmp */,
				68B756B11898A80D007E1005 /* left.bmp */,
				68B756B91898A80D007E1005 /* outline.bmp */,
				68B756BB1898A80D007E1005 /* right.bmp */,
				68B756BF1898A80D007E1005 /* test.bmp */,
				68B756C11898A80D007E1005 /* top.bmp */,
				68B756C41898A80D007E1005 /* wall.bmp */,
				68B756B41898A80D007E1005 /* main.c */,
				68B756A51898A80D007E1005 /* billboard.h */,
				68B756A81898A80D007E1005 /* camera.h */,
				68B756A91898A80D007E1005 /* car.h */,
				68B756AA1898A80D007E1005 /* circle.h */,
				68B756AC1898A80D007E1005 /* color.h */,
				68B756AD1898A80D007E1005 /* ffb_cglib.h */,
				68B756B21898A80D007E1005 /* light.h */,
				68B756B31898A80D007E1005 /* line.h */,
				68B756B51898A80D007E1005 /* material.h */,
				68B756B61898A80D007E1005 /* mesh.h */,
				68B756B71898A80D007E1005 /* model3d.h */,
				68B756B81898A80D007E1005 /* object.h */,
				68B756BA1898A80D007E1005 /* point.h */,
				68B756BC1898A80D007E1005 /* skybox.h */,
				68B756C01898A80D007E1005 /* texture.h */,
				68B756C21898A80D007E1005 /* util.h */,
				68B756C31898A80D007E1005 /* vertex.h */,
				68B756BD1898A80D007E1005 /* skybox.jpg */,
			);
			name = src;
			path = "opengl-environment1";
			sourceTree = "<group>";
		};
/* End PBXGroup section */

/* Begin PBXNativeTarget section */
		685B9F1B172F1FFC00B7F5CE /* ffb-cglib */ = {
			isa = PBXNativeTarget;
			buildConfigurationList = 685B9F26172F1FFC00B7F5CE /* Build configuration list for PBXNativeTarget "ffb-cglib" */;
			buildPhases = (
				685B9F18172F1FFC00B7F5CE /* Sources */,
				685B9F19172F1FFC00B7F5CE /* Frameworks */,
				685B9F1A172F1FFC00B7F5CE /* CopyFiles */,
			);
			buildRules = (
			);
			dependencies = (
			);
			name = "ffb-cglib";
			productName = "opengl-environment1";
			productReference = 685B9F1C172F1FFC00B7F5CE /* ffb-cglib */;
			productType = "com.apple.product-type.tool";
		};
/* End PBXNativeTarget section */

/* Begin PBXProject section */
		685B9F13172F1FFC00B7F5CE /* Project object */ = {
			isa = PBXProject;
			attributes = {
				LastUpgradeCheck = 0500;
				ORGANIZATIONNAME = "Luiz Filipe";
			};
			buildConfigurationList = 685B9F16172F1FFC00B7F5CE /* Build configuration list for PBXProject "ffb-cglib" */;
			compatibilityVersion = "Xcode 3.2";
			developmentRegion = English;
			hasScannedForEncodings = 0;
			knownRegions = (
				en,
			);
			mainGroup = 685B9F11172F1FFC00B7F5CE;
			productRefGroup = 685B9F1D172F1FFC00B7F5CE /* Products */;
			projectDirPath = "";
			projectRoot = "";
			targets = (
				685B9F1B172F1FFC00B7F5CE /* ffb-cglib */,
			);
		};
/* End PBXProject section */

/* Begin PBXSourcesBuildPhase section */
		685B9F18172F1FFC00B7F5CE /* Sources */ = {
			isa = PBXSourcesBuildPhase;
			buildActionMask = 2147483647;
			files = (
				68B756C51898A80D007E1005 /* main.c in Sources */,
			);
			runOnlyForDeploymentPostprocessing = 0;
		};
/* End PBXSourcesBuildPhase section */

/* Begin XCBuildConfiguration section */
		685B9F24172F1FFC00B7F5CE /* Debug */ = {
			isa = XCBuildConfiguration;
			buildSettings = {
				ALWAYS_SEARCH_USER_PATHS = NO;
				CLANG_CXX_LANGUAGE_STANDARD = "gnu++0x";
				CLANG_ENABLE_OBJC_ARC = YES;
				CLANG_WARN__DUPLICATE_METHOD_MATCH = YES;
				COPY_PHASE_STRIP = NO;
				GCC_C_LANGUAGE_STANDARD = gnu99;
				GCC_DYNAMIC_NO_PIC = NO;
				GCC_ENABLE_OBJC_EXCEPTIONS = YES;
				GCC_OPTIMIZATION_LEVEL = 0;
				GCC_PREPROCESSOR_DEFINITIONS = (
					"DEBUG=1",
					"$(inherited)",
				);
				GCC_SYMBOLS_PRIVATE_EXTERN = NO;
				GCC_WARN_64_TO_32_BIT_CONVERSION = YES;
				GCC_WARN_ABOUT_RETURN_TYPE = YES;
				GCC_WARN_UNINITIALIZED_AUTOS = YES;
				GCC_WARN_UNUSED_VARIABLE = YES;
				MACOSX_DEPLOYMENT_TARGET = 10.9;
				ONLY_ACTIVE_ARCH = YES;
				SDKROOT = macosx;
			};
			name = Debug;
		};
		685B9F25172F1FFC00B7F5CE /* Release */ = {
			isa = XCBuildConfiguration;
			buildSettings = {
				ALWAYS_SEARCH_USER_PATHS = NO;
				CLANG_CXX_LANGUAGE_STANDARD = "gnu++0x";
				CLANG_ENABLE_OBJC_ARC = YES;
				CLANG_WARN__DUPLICATE_METHOD_MATCH = YES;
				COPY_PHASE_STRIP = YES;
				DEBUG_INFORMATION_FORMAT = "dwarf-with-dsym";
				GCC_C_LANGUAGE_STANDARD = gnu99;
				GCC_ENABLE_OBJC_EXCEPTIONS = YES;
				GCC_WARN_64_TO_32_BIT_CONVERSION = YES;
				GCC_WARN_ABOUT_RETURN_TYPE = YES;
				GCC_WARN_UNINITIALIZED_AUTOS = YES;
				GCC_WARN_UNUSED_VARIABLE = YES;
				MACOSX_DEPLOYMENT_TARGET = 10.9;
				SDKROOT = macosx;
			};
			name = Release;
		};
		685B9F27172F1FFC00B7F5CE /* Debug */ = {
			isa = XCBuildConfiguration;
			buildSettings = {
				PRODUCT_NAME = "ffb-cglib";
			};
			name = Debug;
		};
		685B9F28172F1FFC00B7F5CE /* Release */ = {
			isa = XCBuildConfiguration;
			buildSettings = {
				PRODUCT_NAME = "ffb-cglib";
			};
			name = Release;
		};
/* End XCBuildConfiguration section */

/* Begin XCConfigurationList section */
		685B9F16172F1FFC00B7F5CE /* Build configuration list for PBXProject "ffb-cglib" */ = {
			isa = XCConfigurationList;
			buildConfigurations = (
				685B9F24172F1FFC00B7F5CE /* Debug */,
				685B9F25172F1FFC00B7F5CE /* Release */,
			);
			defaultConfigurationIsVisible = 0;
			defaultConfigurationName = Release;
		};
		685B9F26172F1FFC00B7F5CE /* Build configuration list for PBXNativeTarget "ffb-cglib" */ = {
			isa = XCConfigurationList;
			buildConfigurations = (
				685B9F27172F1FFC00B7F5CE /* Debug */,
				685B9F28172F1FFC00B7F5CE /* Release */,
			);
			defaultConfigurationIsVisible = 0;
			defaultConfigurationName = Release;
		};
/* End XCConfigurationList section */
	};
	rootObject = 685B9F13172F1FFC00B7F5CE /* Project object */;
}
