// !$*UTF8*$!
{
	archiveVersion = 1;
	classes = {
	};
	objectVersion = 46;
	objects = {

/* Begin PBXBuildFile section */
		685B9F21172F1FFC00B7F5CE /* main.c in Sources */ = {isa = PBXBuildFile; fileRef = 685B9F20172F1FFC00B7F5CE /* main.c */; };
		685B9F23172F1FFC00B7F5CE /* opengl_environment1.1 in CopyFiles */ = {isa = PBXBuildFile; fileRef = 685B9F22172F1FFC00B7F5CE /* opengl_environment1.1 */; };
/* End PBXBuildFile section */

/* Begin PBXCopyFilesBuildPhase section */
		685B9F1A172F1FFC00B7F5CE /* CopyFiles */ = {
			isa = PBXCopyFilesBuildPhase;
			buildActionMask = 2147483647;
			dstPath = /usr/share/man/man1/;
			dstSubfolderSpec = 0;
			files = (
				685B9F23172F1FFC00B7F5CE /* opengl_environment1.1 in CopyFiles */,
			);
			runOnlyForDeploymentPostprocessing = 1;
		};
/* End PBXCopyFilesBuildPhase section */

/* Begin PBXFileReference section */
		685B9F1C172F1FFC00B7F5CE /* opengl-environment1 */ = {isa = PBXFileReference; explicitFileType = "compiled.mach-o.executable"; includeInIndex = 0; path = "opengl-environment1"; sourceTree = BUILT_PRODUCTS_DIR; };
		685B9F20172F1FFC00B7F5CE /* main.c */ = {isa = PBXFileReference; lastKnownFileType = sourcecode.c.c; path = main.c; sourceTree = "<group>"; };
		685B9F22172F1FFC00B7F5CE /* opengl_environment1.1 */ = {isa = PBXFileReference; lastKnownFileType = text.man; path = opengl_environment1.1; sourceTree = "<group>"; };
/* End PBXFileReference section */

/* Begin PBXFrameworksBuildPhase section */
		685B9F19172F1FFC00B7F5CE /* Frameworks */ = {
			isa = PBXFrameworksBuildPhase;
			buildActionMask = 2147483647;
			files = (
			);
			runOnlyForDeploymentPostprocessing = 0;
		};
/* End PBXFrameworksBuildPhase section */

/* Begin PBXGroup section */
		685B9F11172F1FFC00B7F5CE = {
			isa = PBXGroup;
			children = (
				685B9F1F172F1FFC00B7F5CE /* opengl-environment1 */,
				685B9F1D172F1FFC00B7F5CE /* Products */,
			);
			sourceTree = "<group>";
		};
		685B9F1D172F1FFC00B7F5CE /* Products */ = {
			isa = PBXGroup;
			children = (
				685B9F1C172F1FFC00B7F5CE /* opengl-environment1 */,
			);
			name = Products;
			sourceTree = "<group>";
		};
		685B9F1F172F1FFC00B7F5CE /* opengl-environment1 */ = {
			isa = PBXGroup;
			children = (
				685B9F20172F1FFC00B7F5CE /* main.c */,
				685B9F22172F1FFC00B7F5CE /* opengl_environment1.1 */,
			);
			path = "opengl-environment1";
			sourceTree = "<group>";
		};
/* End PBXGroup section */

/* Begin PBXNativeTarget section */
		685B9F1B172F1FFC00B7F5CE /* opengl-environment1 */ = {
			isa = PBXNativeTarget;
			buildConfigurationList = 685B9F26172F1FFC00B7F5CE /* Build configuration list for PBXNativeTarget "opengl-environment1" */;
			buildPhases = (
				685B9F18172F1FFC00B7F5CE /* Sources */,
				685B9F19172F1FFC00B7F5CE /* Frameworks */,
				685B9F1A172F1FFC00B7F5CE /* CopyFiles */,
			);
			buildRules = (
			);
			dependencies = (
			);
			name = "opengl-environment1";
			productName = "opengl-environment1";
			productReference = 685B9F1C172F1FFC00B7F5CE /* opengl-environment1 */;
			productType = "com.apple.product-type.tool";
		};
/* End PBXNativeTarget section */

/* Begin PBXProject section */
		685B9F13172F1FFC00B7F5CE /* Project object */ = {
			isa = PBXProject;
			attributes = {
				LastUpgradeCheck = 0440;
				ORGANIZATIONNAME = "Luiz Filipe";
			};
			buildConfigurationList = 685B9F16172F1FFC00B7F5CE /* Build configuration list for PBXProject "opengl-environment1" */;
			compatibilityVersion = "Xcode 3.2";
			developmentRegion = English;
			hasScannedForEncodings = 0;
			knownRegions = (
				en,
			);
			mainGroup = 685B9F11172F1FFC00B7F5CE;
			productRefGroup = 685B9F1D172F1FFC00B7F5CE /* Products */;
			projectDirPath = "";
			projectRoot = "";
			targets = (
				685B9F1B172F1FFC00B7F5CE /* opengl-environment1 */,
			);
		};
/* End PBXProject section */

/* Begin PBXSourcesBuildPhase section */
		685B9F18172F1FFC00B7F5CE /* Sources */ = {
			isa = PBXSourcesBuildPhase;
			buildActionMask = 2147483647;
			files = (
				685B9F21172F1FFC00B7F5CE /* main.c in Sources */,
			);
			runOnlyForDeploymentPostprocessing = 0;
		};
/* End PBXSourcesBuildPhase section */

/* Begin XCBuildConfiguration section */
		685B9F24172F1FFC00B7F5CE /* Debug */ = {
			isa = XCBuildConfiguration;
			buildSettings = {
				ALWAYS_SEARCH_USER_PATHS = NO;
				ARCHS = "$(ARCHS_STANDARD_64_BIT)";
				CLANG_CXX_LANGUAGE_STANDARD = "gnu++0x";
				CLANG_ENABLE_OBJC_ARC = YES;
				CLANG_WARN__DUPLICATE_METHOD_MATCH = YES;
				COPY_PHASE_STRIP = NO;
				GCC_C_LANGUAGE_STANDARD = gnu99;
				GCC_DYNAMIC_NO_PIC = NO;
				GCC_ENABLE_OBJC_EXCEPTIONS = YES;
				GCC_OPTIMIZATION_LEVEL = 0;
				GCC_PREPROCESSOR_DEFINITIONS = (
					"DEBUG=1",
					"$(inherited)",
				);
				GCC_SYMBOLS_PRIVATE_EXTERN = NO;
				GCC_WARN_64_TO_32_BIT_CONVERSION = YES;
				GCC_WARN_ABOUT_RETURN_TYPE = YES;
				GCC_WARN_UNINITIALIZED_AUTOS = YES;
				GCC_WARN_UNUSED_VARIABLE = YES;
				MACOSX_DEPLOYMENT_TARGET = 10.7;
				ONLY_ACTIVE_ARCH = YES;
				SDKROOT = macosx;
			};
			name = Debug;
		};
		685B9F25172F1FFC00B7F5CE /* Release */ = {
			isa = XCBuildConfiguration;
			buildSettings = {
				ALWAYS_SEARCH_USER_PATHS = NO;
				ARCHS = "$(ARCHS_STANDARD_64_BIT)";
				CLANG_CXX_LANGUAGE_STANDARD = "gnu++0x";
				CLANG_ENABLE_OBJC_ARC = YES;
				CLANG_WARN__DUPLICATE_METHOD_MATCH = YES;
				COPY_PHASE_STRIP = YES;
				DEBUG_INFORMATION_FORMAT = "dwarf-with-dsym";
				GCC_C_LANGUAGE_STANDARD = gnu99;
				GCC_ENABLE_OBJC_EXCEPTIONS = YES;
				GCC_WARN_64_TO_32_BIT_CONVERSION = YES;
				GCC_WARN_ABOUT_RETURN_TYPE = YES;
				GCC_WARN_UNINITIALIZED_AUTOS = YES;
				GCC_WARN_UNUSED_VARIABLE = YES;
				MACOSX_DEPLOYMENT_TARGET = 10.7;
				SDKROOT = macosx;
			};
			name = Release;
		};
		685B9F27172F1FFC00B7F5CE /* Debug */ = {
			isa = XCBuildConfiguration;
			buildSettings = {
				PRODUCT_NAME = "$(TARGET_NAME)";
			};
			name = Debug;
		};
		685B9F28172F1FFC00B7F5CE /* Release */ = {
			isa = XCBuildConfiguration;
			buildSettings = {
				PRODUCT_NAME = "$(TARGET_NAME)";
			};
			name = Release;
		};
/* End XCBuildConfiguration section */

/* Begin XCConfigurationList section */
		685B9F16172F1FFC00B7F5CE /* Build configuration list for PBXProject "opengl-environment1" */ = {
			isa = XCConfigurationList;
			buildConfigurations = (
				685B9F24172F1FFC00B7F5CE /* Debug */,
				685B9F25172F1FFC00B7F5CE /* Release */,
			);
			defaultConfigurationIsVisible = 0;
			defaultConfigurationName = Release;
		};
		685B9F26172F1FFC00B7F5CE /* Build configuration list for PBXNativeTarget "opengl-environment1" */ = {
			isa = XCConfigurationList;
			buildConfigurations = (
				685B9F27172F1FFC00B7F5CE /* Debug */,
				685B9F28172F1FFC00B7F5CE /* Release */,
			);
			defaultConfigurationIsVisible = 0;
		};
/* End XCConfigurationList section */
	};
	rootObject = 685B9F13172F1FFC00B7F5CE /* Project object */;
}
